
Microsoft Visual Studio Solution File, Format Version 12.00
# Visual Studio Version 16
VisualStudioVersion = 16.0.30611.23
MinimumVisualStudioVersion = 10.0.40219.1
Project("{9A19103F-16F7-4668-BE54-9A1E7A4F7556}") = "MCTG", "MCTG\MCTG.csproj", "{E84252AB-4A5B-4559-AC61-8B283DDF2A9D}"
EndProject
Project("{FAE04EC0-301F-11D3-BF4B-00C04F79EFBC}") = "MCTGTests", "MCTGTests\MCTGTests.csproj", "{430DE8BE-5C54-4718-8359-30883DEBA27B}"
EndProject
Global
	GlobalSection(SolutionConfigurationPlatforms) = preSolution
		Debug|Any CPU = Debug|Any CPU
		Release|Any CPU = Release|Any CPU
	EndGlobalSection
	GlobalSection(ProjectConfigurationPlatforms) = postSolution
		{E84252AB-4A5B-4559-AC61-8B283DDF2A9D}.Debug|Any CPU.ActiveCfg = Debug|Any CPU
		{E84252AB-4A5B-4559-AC61-8B283DDF2A9D}.Debug|Any CPU.Build.0 = Debug|Any CPU
		{E84252AB-4A5B-4559-AC61-8B283DDF2A9D}.Release|Any CPU.ActiveCfg = Release|Any CPU
		{E84252AB-4A5B-4559-AC61-8B283DDF2A9D}.Release|Any CPU.Build.0 = Release|Any CPU
		{430DE8BE-5C54-4718-8359-30883DEBA27B}.Debug|Any CPU.ActiveCfg = Debug|Any CPU
		{430DE8BE-5C54-4718-8359-30883DEBA27B}.Debug|Any CPU.Build.0 = Debug|Any CPU
		{430DE8BE-5C54-4718-8359-30883DEBA27B}.Release|Any CPU.ActiveCfg = Release|Any CPU
		{430DE8BE-5C54-4718-8359-30883DEBA27B}.Release|Any CPU.Build.0 = Release|Any CPU
	EndGlobalSection
	GlobalSection(SolutionProperties) = preSolution
		HideSolutionNode = FALSE
	EndGlobalSection
	GlobalSection(ExtensibilityGlobals) = postSolution
		SolutionGuid = {7ABFF539-04ED-47EE-9D23-583F2E2E4948}
	EndGlobalSection
EndGlobal
